// !$*UTF8*$!
{
	archiveVersion = 1;
	classes = {
	};
	objectVersion = 56;
	objects = {

/* Begin PBXBuildFile section */
		B5CA72E329E55686005C87F1 /* WristTideApp.swift in Sources */ = {isa = PBXBuildFile; fileRef = B5CA72E229E55686005C87F1 /* WristTideApp.swift */; };
		B5CA72E529E55686005C87F1 /* ContentView.swift in Sources */ = {isa = PBXBuildFile; fileRef = B5CA72E429E55686005C87F1 /* ContentView.swift */; };
		B5CA72E729E55688005C87F1 /* Assets.xcassets in Resources */ = {isa = PBXBuildFile; fileRef = B5CA72E629E55688005C87F1 /* Assets.xcassets */; };
		B5CA72EA29E55688005C87F1 /* Preview Assets.xcassets in Resources */ = {isa = PBXBuildFile; fileRef = B5CA72E929E55688005C87F1 /* Preview Assets.xcassets */; };
		B5CA72F429E55689005C87F1 /* WristTide_Watch_AppTests.swift in Sources */ = {isa = PBXBuildFile; fileRef = B5CA72F329E55689005C87F1 /* WristTide_Watch_AppTests.swift */; };
		B5CA72FE29E55689005C87F1 /* WristTide_Watch_AppUITests.swift in Sources */ = {isa = PBXBuildFile; fileRef = B5CA72FD29E55689005C87F1 /* WristTide_Watch_AppUITests.swift */; };
		B5CA730029E55689005C87F1 /* WristTide_Watch_AppUITestsLaunchTests.swift in Sources */ = {isa = PBXBuildFile; fileRef = B5CA72FF29E55689005C87F1 /* WristTide_Watch_AppUITestsLaunchTests.swift */; };
/* End PBXBuildFile section */

/* Begin PBXContainerItemProxy section */
		B5CA72F029E55689005C87F1 /* PBXContainerItemProxy */ = {
			isa = PBXContainerItemProxy;
			containerPortal = B5CA72D729E55685005C87F1 /* Project object */;
			proxyType = 1;
			remoteGlobalIDString = B5CA72DE29E55686005C87F1;
			remoteInfo = "WristTide Watch App";
		};
		B5CA72FA29E55689005C87F1 /* PBXContainerItemProxy */ = {
			isa = PBXContainerItemProxy;
			containerPortal = B5CA72D729E55685005C87F1 /* Project object */;
			proxyType = 1;
			remoteGlobalIDString = B5CA72DE29E55686005C87F1;
			remoteInfo = "WristTide Watch App";
		};
/* End PBXContainerItemProxy section */

/* Begin PBXFileReference section */
		B5CA72DF29E55686005C87F1 /* WristTide Watch App.app */ = {isa = PBXFileReference; explicitFileType = wrapper.application; includeInIndex = 0; path = "WristTide Watch App.app"; sourceTree = BUILT_PRODUCTS_DIR; };
		B5CA72E229E55686005C87F1 /* WristTideApp.swift */ = {isa = PBXFileReference; lastKnownFileType = sourcecode.swift; path = WristTideApp.swift; sourceTree = "<group>"; };
		B5CA72E429E55686005C87F1 /* ContentView.swift */ = {isa = PBXFileReference; lastKnownFileType = sourcecode.swift; path = ContentView.swift; sourceTree = "<group>"; };
		B5CA72E629E55688005C87F1 /* Assets.xcassets */ = {isa = PBXFileReference; lastKnownFileType = folder.assetcatalog; path = Assets.xcassets; sourceTree = "<group>"; };
		B5CA72E929E55688005C87F1 /* Preview Assets.xcassets */ = {isa = PBXFileReference; lastKnownFileType = folder.assetcatalog; path = "Preview Assets.xcassets"; sourceTree = "<group>"; };
		B5CA72EF29E55689005C87F1 /* WristTide Watch AppTests.xctest */ = {isa = PBXFileReference; explicitFileType = wrapper.cfbundle; includeInIndex = 0; path = "WristTide Watch AppTests.xctest"; sourceTree = BUILT_PRODUCTS_DIR; };
		B5CA72F329E55689005C87F1 /* WristTide_Watch_AppTests.swift */ = {isa = PBXFileReference; lastKnownFileType = sourcecode.swift; path = WristTide_Watch_AppTests.swift; sourceTree = "<group>"; };
		B5CA72F929E55689005C87F1 /* WristTide Watch AppUITests.xctest */ = {isa = PBXFileReference; explicitFileType = wrapper.cfbundle; includeInIndex = 0; path = "WristTide Watch AppUITests.xctest"; sourceTree = BUILT_PRODUCTS_DIR; };
		B5CA72FD29E55689005C87F1 /* WristTide_Watch_AppUITests.swift */ = {isa = PBXFileReference; lastKnownFileType = sourcecode.swift; path = WristTide_Watch_AppUITests.swift; sourceTree = "<group>"; };
		B5CA72FF29E55689005C87F1 /* WristTide_Watch_AppUITestsLaunchTests.swift */ = {isa = PBXFileReference; lastKnownFileType = sourcecode.swift; path = WristTide_Watch_AppUITestsLaunchTests.swift; sourceTree = "<group>"; };
/* End PBXFileReference section */

/* Begin PBXFrameworksBuildPhase section */
		B5CA72DC29E55686005C87F1 /* Frameworks */ = {
			isa = PBXFrameworksBuildPhase;
			buildActionMask = 2147483647;
			files = (
			);
			runOnlyForDeploymentPostprocessing = 0;
		};
		B5CA72EC29E55689005C87F1 /* Frameworks */ = {
			isa = PBXFrameworksBuildPhase;
			buildActionMask = 2147483647;
			files = (
			);
			runOnlyForDeploymentPostprocessing = 0;
		};
		B5CA72F629E55689005C87F1 /* Frameworks */ = {
			isa = PBXFrameworksBuildPhase;
			buildActionMask = 2147483647;
			files = (
			);
			runOnlyForDeploymentPostprocessing = 0;
		};
/* End PBXFrameworksBuildPhase section */

/* Begin PBXGroup section */
		B5CA72D629E55685005C87F1 = {
			isa = PBXGroup;
			children = (
				B5CA72E129E55686005C87F1 /* WristTide Watch App */,
				B5CA72F229E55689005C87F1 /* WristTide Watch AppTests */,
				B5CA72FC29E55689005C87F1 /* WristTide Watch AppUITests */,
				B5CA72E029E55686005C87F1 /* Products */,
			);
			sourceTree = "<group>";
		};
		B5CA72E029E55686005C87F1 /* Products */ = {
			isa = PBXGroup;
			children = (
				B5CA72DF29E55686005C87F1 /* WristTide Watch App.app */,
				B5CA72EF29E55689005C87F1 /* WristTide Watch AppTests.xctest */,
				B5CA72F929E55689005C87F1 /* WristTide Watch AppUITests.xctest */,
			);
			name = Products;
			sourceTree = "<group>";
		};
		B5CA72E129E55686005C87F1 /* WristTide Watch App */ = {
			isa = PBXGroup;
			children = (
				B5CA72E229E55686005C87F1 /* WristTideApp.swift */,
				B5CA72E429E55686005C87F1 /* ContentView.swift */,
				B5CA72E629E55688005C87F1 /* Assets.xcassets */,
				B5CA72E829E55688005C87F1 /* Preview Content */,
			);
			path = "WristTide Watch App";
			sourceTree = "<group>";
		};
		B5CA72E829E55688005C87F1 /* Preview Content */ = {
			isa = PBXGroup;
			children = (
				B5CA72E929E55688005C87F1 /* Preview Assets.xcassets */,
			);
			path = "Preview Content";
			sourceTree = "<group>";
		};
		B5CA72F229E55689005C87F1 /* WristTide Watch AppTests */ = {
			isa = PBXGroup;
			children = (
				B5CA72F329E55689005C87F1 /* WristTide_Watch_AppTests.swift */,
			);
			path = "WristTide Watch AppTests";
			sourceTree = "<group>";
		};
		B5CA72FC29E55689005C87F1 /* WristTide Watch AppUITests */ = {
			isa = PBXGroup;
			children = (
				B5CA72FD29E55689005C87F1 /* WristTide_Watch_AppUITests.swift */,
				B5CA72FF29E55689005C87F1 /* WristTide_Watch_AppUITestsLaunchTests.swift */,
			);
			path = "WristTide Watch AppUITests";
			sourceTree = "<group>";
		};
/* End PBXGroup section */

/* Begin PBXNativeTarget section */
		B5CA72DE29E55686005C87F1 /* WristTide Watch App */ = {
			isa = PBXNativeTarget;
			buildConfigurationList = B5CA730329E55689005C87F1 /* Build configuration list for PBXNativeTarget "WristTide Watch App" */;
			buildPhases = (
				B5CA72DB29E55686005C87F1 /* Sources */,
				B5CA72DC29E55686005C87F1 /* Frameworks */,
				B5CA72DD29E55686005C87F1 /* Resources */,
			);
			buildRules = (
			);
			dependencies = (
			);
			name = "WristTide Watch App";
			productName = "WristTide Watch App";
			productReference = B5CA72DF29E55686005C87F1 /* WristTide Watch App.app */;
			productType = "com.apple.product-type.application";
		};
		B5CA72EE29E55689005C87F1 /* WristTide Watch AppTests */ = {
			isa = PBXNativeTarget;
			buildConfigurationList = B5CA730629E55689005C87F1 /* Build configuration list for PBXNativeTarget "WristTide Watch AppTests" */;
			buildPhases = (
				B5CA72EB29E55689005C87F1 /* Sources */,
				B5CA72EC29E55689005C87F1 /* Frameworks */,
				B5CA72ED29E55689005C87F1 /* Resources */,
			);
			buildRules = (
			);
			dependencies = (
				B5CA72F129E55689005C87F1 /* PBXTargetDependency */,
			);
			name = "WristTide Watch AppTests";
			productName = "WristTide Watch AppTests";
			productReference = B5CA72EF29E55689005C87F1 /* WristTide Watch AppTests.xctest */;
			productType = "com.apple.product-type.bundle.unit-test";
		};
		B5CA72F829E55689005C87F1 /* WristTide Watch AppUITests */ = {
			isa = PBXNativeTarget;
			buildConfigurationList = B5CA730929E55689005C87F1 /* Build configuration list for PBXNativeTarget "WristTide Watch AppUITests" */;
			buildPhases = (
				B5CA72F529E55689005C87F1 /* Sources */,
				B5CA72F629E55689005C87F1 /* Frameworks */,
				B5CA72F729E55689005C87F1 /* Resources */,
			);
			buildRules = (
			);
			dependencies = (
				B5CA72FB29E55689005C87F1 /* PBXTargetDependency */,
			);
			name = "WristTide Watch AppUITests";
			productName = "WristTide Watch AppUITests";
			productReference = B5CA72F929E55689005C87F1 /* WristTide Watch AppUITests.xctest */;
			productType = "com.apple.product-type.bundle.ui-testing";
		};
/* End PBXNativeTarget section */

/* Begin PBXProject section */
		B5CA72D729E55685005C87F1 /* Project object */ = {
			isa = PBXProject;
			attributes = {
				BuildIndependentTargetsInParallel = 1;
				LastSwiftUpdateCheck = 1420;
				LastUpgradeCheck = 1420;
				TargetAttributes = {
					B5CA72DE29E55686005C87F1 = {
						CreatedOnToolsVersion = 14.2;
					};
					B5CA72EE29E55689005C87F1 = {
						CreatedOnToolsVersion = 14.2;
						TestTargetID = B5CA72DE29E55686005C87F1;
					};
					B5CA72F829E55689005C87F1 = {
						CreatedOnToolsVersion = 14.2;
						TestTargetID = B5CA72DE29E55686005C87F1;
					};
				};
			};
			buildConfigurationList = B5CA72DA29E55685005C87F1 /* Build configuration list for PBXProject "WristTide" */;
			compatibilityVersion = "Xcode 14.0";
			developmentRegion = en;
			hasScannedForEncodings = 0;
			knownRegions = (
				en,
				Base,
			);
			mainGroup = B5CA72D629E55685005C87F1;
			productRefGroup = B5CA72E029E55686005C87F1 /* Products */;
			projectDirPath = "";
			projectRoot = "";
			targets = (
				B5CA72DE29E55686005C87F1 /* WristTide Watch App */,
				B5CA72EE29E55689005C87F1 /* WristTide Watch AppTests */,
				B5CA72F829E55689005C87F1 /* WristTide Watch AppUITests */,
			);
		};
/* End PBXProject section */

/* Begin PBXResourcesBuildPhase section */
		B5CA72DD29E55686005C87F1 /* Resources */ = {
			isa = PBXResourcesBuildPhase;
			buildActionMask = 2147483647;
			files = (
				B5CA72EA29E55688005C87F1 /* Preview Assets.xcassets in Resources */,
				B5CA72E729E55688005C87F1 /* Assets.xcassets in Resources */,
			);
			runOnlyForDeploymentPostprocessing = 0;
		};
		B5CA72ED29E55689005C87F1 /* Resources */ = {
			isa = PBXResourcesBuildPhase;
			buildActionMask = 2147483647;
			files = (
			);
			runOnlyForDeploymentPostprocessing = 0;
		};
		B5CA72F729E55689005C87F1 /* Resources */ = {
			isa = PBXResourcesBuildPhase;
			buildActionMask = 2147483647;
			files = (
			);
			runOnlyForDeploymentPostprocessing = 0;
		};
/* End PBXResourcesBuildPhase section */

/* Begin PBXSourcesBuildPhase section */
		B5CA72DB29E55686005C87F1 /* Sources */ = {
			isa = PBXSourcesBuildPhase;
			buildActionMask = 2147483647;
			files = (
				B5CA72E529E55686005C87F1 /* ContentView.swift in Sources */,
				B5CA72E329E55686005C87F1 /* WristTideApp.swift in Sources */,
			);
			runOnlyForDeploymentPostprocessing = 0;
		};
		B5CA72EB29E55689005C87F1 /* Sources */ = {
			isa = PBXSourcesBuildPhase;
			buildActionMask = 2147483647;
			files = (
				B5CA72F429E55689005C87F1 /* WristTide_Watch_AppTests.swift in Sources */,
			);
			runOnlyForDeploymentPostprocessing = 0;
		};
		B5CA72F529E55689005C87F1 /* Sources */ = {
			isa = PBXSourcesBuildPhase;
			buildActionMask = 2147483647;
			files = (
				B5CA730029E55689005C87F1 /* WristTide_Watch_AppUITestsLaunchTests.swift in Sources */,
				B5CA72FE29E55689005C87F1 /* WristTide_Watch_AppUITests.swift in Sources */,
			);
			runOnlyForDeploymentPostprocessing = 0;
		};
/* End PBXSourcesBuildPhase section */

/* Begin PBXTargetDependency section */
		B5CA72F129E55689005C87F1 /* PBXTargetDependency */ = {
			isa = PBXTargetDependency;
			target = B5CA72DE29E55686005C87F1 /* WristTide Watch App */;
			targetProxy = B5CA72F029E55689005C87F1 /* PBXContainerItemProxy */;
		};
		B5CA72FB29E55689005C87F1 /* PBXTargetDependency */ = {
			isa = PBXTargetDependency;
			target = B5CA72DE29E55686005C87F1 /* WristTide Watch App */;
			targetProxy = B5CA72FA29E55689005C87F1 /* PBXContainerItemProxy */;
		};
/* End PBXTargetDependency section */

/* Begin XCBuildConfiguration section */
		B5CA730129E55689005C87F1 /* Debug */ = {
			isa = XCBuildConfiguration;
			buildSettings = {
				ALWAYS_SEARCH_USER_PATHS = NO;
				CLANG_ANALYZER_NONNULL = YES;
				CLANG_ANALYZER_NUMBER_OBJECT_CONVERSION = YES_AGGRESSIVE;
				CLANG_CXX_LANGUAGE_STANDARD = "gnu++20";
				CLANG_ENABLE_MODULES = YES;
				CLANG_ENABLE_OBJC_ARC = YES;
				CLANG_ENABLE_OBJC_WEAK = YES;
				CLANG_WARN_BLOCK_CAPTURE_AUTORELEASING = YES;
				CLANG_WARN_BOOL_CONVERSION = YES;
				CLANG_WARN_COMMA = YES;
				CLANG_WARN_CONSTANT_CONVERSION = YES;
				CLANG_WARN_DEPRECATED_OBJC_IMPLEMENTATIONS = YES;
				CLANG_WARN_DIRECT_OBJC_ISA_USAGE = YES_ERROR;
				CLANG_WARN_DOCUMENTATION_COMMENTS = YES;
				CLANG_WARN_EMPTY_BODY = YES;
				CLANG_WARN_ENUM_CONVERSION = YES;
				CLANG_WARN_INFINITE_RECURSION = YES;
				CLANG_WARN_INT_CONVERSION = YES;
				CLANG_WARN_NON_LITERAL_NULL_CONVERSION = YES;
				CLANG_WARN_OBJC_IMPLICIT_RETAIN_SELF = YES;
				CLANG_WARN_OBJC_LITERAL_CONVERSION = YES;
				CLANG_WARN_OBJC_ROOT_CLASS = YES_ERROR;
				CLANG_WARN_QUOTED_INCLUDE_IN_FRAMEWORK_HEADER = YES;
				CLANG_WARN_RANGE_LOOP_ANALYSIS = YES;
				CLANG_WARN_STRICT_PROTOTYPES = YES;
				CLANG_WARN_SUSPICIOUS_MOVE = YES;
				CLANG_WARN_UNGUARDED_AVAILABILITY = YES_AGGRESSIVE;
				CLANG_WARN_UNREACHABLE_CODE = YES;
				CLANG_WARN__DUPLICATE_METHOD_MATCH = YES;
				COPY_PHASE_STRIP = NO;
				DEBUG_INFORMATION_FORMAT = dwarf;
				ENABLE_STRICT_OBJC_MSGSEND = YES;
				ENABLE_TESTABILITY = YES;
				GCC_C_LANGUAGE_STANDARD = gnu11;
				GCC_DYNAMIC_NO_PIC = NO;
				GCC_NO_COMMON_BLOCKS = YES;
				GCC_OPTIMIZATION_LEVEL = 0;
				GCC_PREPROCESSOR_DEFINITIONS = (
					"DEBUG=1",
					"$(inherited)",
				);
				GCC_WARN_64_TO_32_BIT_CONVERSION = YES;
				GCC_WARN_ABOUT_RETURN_TYPE = YES_ERROR;
				GCC_WARN_UNDECLARED_SELECTOR = YES;
				GCC_WARN_UNINITIALIZED_AUTOS = YES_AGGRESSIVE;
				GCC_WARN_UNUSED_FUNCTION = YES;
				GCC_WARN_UNUSED_VARIABLE = YES;
				MTL_ENABLE_DEBUG_INFO = INCLUDE_SOURCE;
				MTL_FAST_MATH = YES;
				ONLY_ACTIVE_ARCH = YES;
				SWIFT_ACTIVE_COMPILATION_CONDITIONS = DEBUG;
				SWIFT_OPTIMIZATION_LEVEL = "-Onone";
			};
			name = Debug;
		};
		B5CA730229E55689005C87F1 /* Release */ = {
			isa = XCBuildConfiguration;
			buildSettings = {
				ALWAYS_SEARCH_USER_PATHS = NO;
				CLANG_ANALYZER_NONNULL = YES;
				CLANG_ANALYZER_NUMBER_OBJECT_CONVERSION = YES_AGGRESSIVE;
				CLANG_CXX_LANGUAGE_STANDARD = "gnu++20";
				CLANG_ENABLE_MODULES = YES;
				CLANG_ENABLE_OBJC_ARC = YES;
				CLANG_ENABLE_OBJC_WEAK = YES;
				CLANG_WARN_BLOCK_CAPTURE_AUTORELEASING = YES;
				CLANG_WARN_BOOL_CONVERSION = YES;
				CLANG_WARN_COMMA = YES;
				CLANG_WARN_CONSTANT_CONVERSION = YES;
				CLANG_WARN_DEPRECATED_OBJC_IMPLEMENTATIONS = YES;
				CLANG_WARN_DIRECT_OBJC_ISA_USAGE = YES_ERROR;
				CLANG_WARN_DOCUMENTATION_COMMENTS = YES;
				CLANG_WARN_EMPTY_BODY = YES;
				CLANG_WARN_ENUM_CONVERSION = YES;
				CLANG_WARN_INFINITE_RECURSION = YES;
				CLANG_WARN_INT_CONVERSION = YES;
				CLANG_WARN_NON_LITERAL_NULL_CONVERSION = YES;
				CLANG_WARN_OBJC_IMPLICIT_RETAIN_SELF = YES;
				CLANG_WARN_OBJC_LITERAL_CONVERSION = YES;
				CLANG_WARN_OBJC_ROOT_CLASS = YES_ERROR;
				CLANG_WARN_QUOTED_INCLUDE_IN_FRAMEWORK_HEADER = YES;
				CLANG_WARN_RANGE_LOOP_ANALYSIS = YES;
				CLANG_WARN_STRICT_PROTOTYPES = YES;
				CLANG_WARN_SUSPICIOUS_MOVE = YES;
				CLANG_WARN_UNGUARDED_AVAILABILITY = YES_AGGRESSIVE;
				CLANG_WARN_UNREACHABLE_CODE = YES;
				CLANG_WARN__DUPLICATE_METHOD_MATCH = YES;
				COPY_PHASE_STRIP = NO;
				DEBUG_INFORMATION_FORMAT = "dwarf-with-dsym";
				ENABLE_NS_ASSERTIONS = NO;
				ENABLE_STRICT_OBJC_MSGSEND = YES;
				GCC_C_LANGUAGE_STANDARD = gnu11;
				GCC_NO_COMMON_BLOCKS = YES;
				GCC_WARN_64_TO_32_BIT_CONVERSION = YES;
				GCC_WARN_ABOUT_RETURN_TYPE = YES_ERROR;
				GCC_WARN_UNDECLARED_SELECTOR = YES;
				GCC_WARN_UNINITIALIZED_AUTOS = YES_AGGRESSIVE;
				GCC_WARN_UNUSED_FUNCTION = YES;
				GCC_WARN_UNUSED_VARIABLE = YES;
				MTL_ENABLE_DEBUG_INFO = NO;
				MTL_FAST_MATH = YES;
				SWIFT_COMPILATION_MODE = wholemodule;
				SWIFT_OPTIMIZATION_LEVEL = "-O";
			};
			name = Release;
		};
		B5CA730429E55689005C87F1 /* Debug */ = {
			isa = XCBuildConfiguration;
			buildSettings = {
				ASSETCATALOG_COMPILER_APPICON_NAME = AppIcon;
				ASSETCATALOG_COMPILER_GLOBAL_ACCENT_COLOR_NAME = AccentColor;
				CODE_SIGN_STYLE = Automatic;
				CURRENT_PROJECT_VERSION = 1;
				DEVELOPMENT_ASSET_PATHS = "\"WristTide Watch App/Preview Content\"";
				DEVELOPMENT_TEAM = ARU7K8KJKJ;
				ENABLE_PREVIEWS = YES;
				GENERATE_INFOPLIST_FILE = YES;
				INFOPLIST_KEY_CFBundleDisplayName = WristTide;
				INFOPLIST_KEY_UISupportedInterfaceOrientations = "UIInterfaceOrientationPortrait UIInterfaceOrientationPortraitUpsideDown";
				INFOPLIST_KEY_WKCompanionAppBundleIdentifier = "";
				LD_RUNPATH_SEARCH_PATHS = (
					"$(inherited)",
					"@executable_path/Frameworks",
				);
				MARKETING_VERSION = 1.0;
				PRODUCT_BUNDLE_IDENTIFIER = .watchkitapp;
				PRODUCT_NAME = "$(TARGET_NAME)";
				SDKROOT = watchos;
				SKIP_INSTALL = YES;
				SWIFT_EMIT_LOC_STRINGS = YES;
				SWIFT_VERSION = 5.0;
				TARGETED_DEVICE_FAMILY = 4;
				WATCHOS_DEPLOYMENT_TARGET = 9.1;
			};
			name = Debug;
		};
		B5CA730529E55689005C87F1 /* Release */ = {
			isa = XCBuildConfiguration;
			buildSettings = {
				ASSETCATALOG_COMPILER_APPICON_NAME = AppIcon;
				ASSETCATALOG_COMPILER_GLOBAL_ACCENT_COLOR_NAME = AccentColor;
				CODE_SIGN_STYLE = Automatic;
				CURRENT_PROJECT_VERSION = 1;
				DEVELOPMENT_ASSET_PATHS = "\"WristTide Watch App/Preview Content\"";
				DEVELOPMENT_TEAM = ARU7K8KJKJ;
				ENABLE_PREVIEWS = YES;
				GENERATE_INFOPLIST_FILE = YES;
				INFOPLIST_KEY_CFBundleDisplayName = WristTide;
				INFOPLIST_KEY_UISupportedInterfaceOrientations = "UIInterfaceOrientationPortrait UIInterfaceOrientationPortraitUpsideDown";
				INFOPLIST_KEY_WKCompanionAppBundleIdentifier = "";
				LD_RUNPATH_SEARCH_PATHS = (
					"$(inherited)",
					"@executable_path/Frameworks",
				);
				MARKETING_VERSION = 1.0;
				PRODUCT_BUNDLE_IDENTIFIER = .watchkitapp;
				PRODUCT_NAME = "$(TARGET_NAME)";
				SDKROOT = watchos;
				SKIP_INSTALL = YES;
				SWIFT_EMIT_LOC_STRINGS = YES;
				SWIFT_VERSION = 5.0;
				TARGETED_DEVICE_FAMILY = 4;
				VALIDATE_PRODUCT = YES;
				WATCHOS_DEPLOYMENT_TARGET = 9.1;
			};
			name = Release;
		};
		B5CA730729E55689005C87F1 /* Debug */ = {
			isa = XCBuildConfiguration;
			buildSettings = {
				ALWAYS_EMBED_SWIFT_STANDARD_LIBRARIES = YES;
				BUNDLE_LOADER = "$(TEST_HOST)";
				CODE_SIGN_STYLE = Automatic;
				CURRENT_PROJECT_VERSION = 1;
				DEVELOPMENT_TEAM = ARU7K8KJKJ;
				GENERATE_INFOPLIST_FILE = YES;
				MARKETING_VERSION = 1.0;
				PRODUCT_BUNDLE_IDENTIFIER = "space.sometinylittle.WristTide-Watch-AppTests";
				PRODUCT_NAME = "$(TARGET_NAME)";
				SDKROOT = watchos;
				SWIFT_EMIT_LOC_STRINGS = NO;
				SWIFT_VERSION = 5.0;
				TARGETED_DEVICE_FAMILY = 4;
				TEST_HOST = "$(BUILT_PRODUCTS_DIR)/WristTide Watch App.app/$(BUNDLE_EXECUTABLE_FOLDER_PATH)/WristTide Watch App";
				WATCHOS_DEPLOYMENT_TARGET = 9.1;
			};
			name = Debug;
		};
		B5CA730829E55689005C87F1 /* Release */ = {
			isa = XCBuildConfiguration;
			buildSettings = {
				ALWAYS_EMBED_SWIFT_STANDARD_LIBRARIES = YES;
				BUNDLE_LOADER = "$(TEST_HOST)";
				CODE_SIGN_STYLE = Automatic;
				CURRENT_PROJECT_VERSION = 1;
				DEVELOPMENT_TEAM = ARU7K8KJKJ;
				GENERATE_INFOPLIST_FILE = YES;
				MARKETING_VERSION = 1.0;
				PRODUCT_BUNDLE_IDENTIFIER = "space.sometinylittle.WristTide-Watch-AppTests";
				PRODUCT_NAME = "$(TARGET_NAME)";
				SDKROOT = watchos;
				SWIFT_EMIT_LOC_STRINGS = NO;
				SWIFT_VERSION = 5.0;
				TARGETED_DEVICE_FAMILY = 4;
				TEST_HOST = "$(BUILT_PRODUCTS_DIR)/WristTide Watch App.app/$(BUNDLE_EXECUTABLE_FOLDER_PATH)/WristTide Watch App";
				VALIDATE_PRODUCT = YES;
				WATCHOS_DEPLOYMENT_TARGET = 9.1;
			};
			name = Release;
		};
		B5CA730A29E55689005C87F1 /* Debug */ = {
			isa = XCBuildConfiguration;
			buildSettings = {
				ALWAYS_EMBED_SWIFT_STANDARD_LIBRARIES = YES;
				CODE_SIGN_STYLE = Automatic;
				CURRENT_PROJECT_VERSION = 1;
				DEVELOPMENT_TEAM = ARU7K8KJKJ;
				GENERATE_INFOPLIST_FILE = YES;
				MARKETING_VERSION = 1.0;
				PRODUCT_BUNDLE_IDENTIFIER = "space.sometinylittle.WristTide-Watch-AppUITests";
				PRODUCT_NAME = "$(TARGET_NAME)";
				SDKROOT = watchos;
				SWIFT_EMIT_LOC_STRINGS = NO;
				SWIFT_VERSION = 5.0;
				TARGETED_DEVICE_FAMILY = 4;
				TEST_TARGET_NAME = "WristTide Watch App";
				WATCHOS_DEPLOYMENT_TARGET = 9.1;
			};
			name = Debug;
		};
		B5CA730B29E55689005C87F1 /* Release */ = {
			isa = XCBuildConfiguration;
			buildSettings = {
				ALWAYS_EMBED_SWIFT_STANDARD_LIBRARIES = YES;
				CODE_SIGN_STYLE = Automatic;
				CURRENT_PROJECT_VERSION = 1;
				DEVELOPMENT_TEAM = ARU7K8KJKJ;
				GENERATE_INFOPLIST_FILE = YES;
				MARKETING_VERSION = 1.0;
				PRODUCT_BUNDLE_IDENTIFIER = "space.sometinylittle.WristTide-Watch-AppUITests";
				PRODUCT_NAME = "$(TARGET_NAME)";
				SDKROOT = watchos;
				SWIFT_EMIT_LOC_STRINGS = NO;
				SWIFT_VERSION = 5.0;
				TARGETED_DEVICE_FAMILY = 4;
				TEST_TARGET_NAME = "WristTide Watch App";
				VALIDATE_PRODUCT = YES;
				WATCHOS_DEPLOYMENT_TARGET = 9.1;
			};
			name = Release;
		};
/* End XCBuildConfiguration section */

/* Begin XCConfigurationList section */
		B5CA72DA29E55685005C87F1 /* Build configuration list for PBXProject "WristTide" */ = {
			isa = XCConfigurationList;
			buildConfigurations = (
				B5CA730129E55689005C87F1 /* Debug */,
				B5CA730229E55689005C87F1 /* Release */,
			);
			defaultConfigurationIsVisible = 0;
			defaultConfigurationName = Release;
		};
		B5CA730329E55689005C87F1 /* Build configuration list for PBXNativeTarget "WristTide Watch App" */ = {
			isa = XCConfigurationList;
			buildConfigurations = (
				B5CA730429E55689005C87F1 /* Debug */,
				B5CA730529E55689005C87F1 /* Release */,
			);
			defaultConfigurationIsVisible = 0;
			defaultConfigurationName = Release;
		};
		B5CA730629E55689005C87F1 /* Build configuration list for PBXNativeTarget "WristTide Watch AppTests" */ = {
			isa = XCConfigurationList;
			buildConfigurations = (
				B5CA730729E55689005C87F1 /* Debug */,
				B5CA730829E55689005C87F1 /* Release */,
			);
			defaultConfigurationIsVisible = 0;
			defaultConfigurationName = Release;
		};
		B5CA730929E55689005C87F1 /* Build configuration list for PBXNativeTarget "WristTide Watch AppUITests" */ = {
			isa = XCConfigurationList;
			buildConfigurations = (
				B5CA730A29E55689005C87F1 /* Debug */,
				B5CA730B29E55689005C87F1 /* Release */,
			);
			defaultConfigurationIsVisible = 0;
			defaultConfigurationName = Release;
		};
/* End XCConfigurationList section */
	};
	rootObject = B5CA72D729E55685005C87F1 /* Project object */;
}
